
Microsoft Visual Studio Solution File, Format Version 12.00
# Visual Studio Version 16
VisualStudioVersion = 16.0.35731.53
MinimumVisualStudioVersion = 10.0.40219.1
Project("{FAE04EC0-301F-11D3-BF4B-00C04F79EFBC}") = "Карпова_КП_РКИС_23ИСП1", "Карпова_КП_РКИС_23ИСП1\Карпова_КП_РКИС_23ИСП1.csproj", "{BF948913-B9CD-4D1E-ACCD-320AAD72624A}"
EndProject
Global
	GlobalSection(SolutionConfigurationPlatforms) = preSolution
		Debug|Any CPU = Debug|Any CPU
		Release|Any CPU = Release|Any CPU
	EndGlobalSection
	GlobalSection(ProjectConfigurationPlatforms) = postSolution
		{BF948913-B9CD-4D1E-ACCD-320AAD72624A}.Debug|Any CPU.ActiveCfg = Debug|Any CPU
		{BF948913-B9CD-4D1E-ACCD-320AAD72624A}.Debug|Any CPU.Build.0 = Debug|Any CPU
		{BF948913-B9CD-4D1E-ACCD-320AAD72624A}.Release|Any CPU.ActiveCfg = Release|Any CPU
		{BF948913-B9CD-4D1E-ACCD-320AAD72624A}.Release|Any CPU.Build.0 = Release|Any CPU
	EndGlobalSection
	GlobalSection(SolutionProperties) = preSolution
		HideSolutionNode = FALSE
	EndGlobalSection
	GlobalSection(ExtensibilityGlobals) = postSolution
		SolutionGuid = {9F828040-77A2-490D-B184-5E198B522044}
	EndGlobalSection
EndGlobal
